
Microsoft Visual Studio Solution File, Format Version 12.00
# Visual Studio Version 17
VisualStudioVersion = 17.2.32630.192
MinimumVisualStudioVersion = 10.0.40219.1
Project("{9A19103F-16F7-4668-BE54-9A1E7A4F7556}") = "RedisWebApp", "RedisWebApp\RedisWebApp.csproj", "{2BE39FE2-8958-49A0-8D5F-E7A551C33BA6}"
EndProject
Project("{FAE04EC0-301F-11D3-BF4B-00C04F79EFBC}") = "TestRedisProject", "TestRedisProject\TestRedisProject.csproj", "{890E0542-BAE9-4A62-A777-A7F9E6E4E872}"
EndProject
Global
	GlobalSection(SolutionConfigurationPlatforms) = preSolution
		Debug|Any CPU = Debug|Any CPU
		Release|Any CPU = Release|Any CPU
	EndGlobalSection
	GlobalSection(ProjectConfigurationPlatforms) = postSolution
		{2BE39FE2-8958-49A0-8D5F-E7A551C33BA6}.Debug|Any CPU.ActiveCfg = Debug|Any CPU
		{2BE39FE2-8958-49A0-8D5F-E7A551C33BA6}.Debug|Any CPU.Build.0 = Debug|Any CPU
		{2BE39FE2-8958-49A0-8D5F-E7A551C33BA6}.Release|Any CPU.ActiveCfg = Release|Any CPU
		{2BE39FE2-8958-49A0-8D5F-E7A551C33BA6}.Release|Any CPU.Build.0 = Release|Any CPU
		{890E0542-BAE9-4A62-A777-A7F9E6E4E872}.Debug|Any CPU.ActiveCfg = Debug|Any CPU
		{890E0542-BAE9-4A62-A777-A7F9E6E4E872}.Debug|Any CPU.Build.0 = Debug|Any CPU
		{890E0542-BAE9-4A62-A777-A7F9E6E4E872}.Release|Any CPU.ActiveCfg = Release|Any CPU
		{890E0542-BAE9-4A62-A777-A7F9E6E4E872}.Release|Any CPU.Build.0 = Release|Any CPU
	EndGlobalSection
	GlobalSection(SolutionProperties) = preSolution
		HideSolutionNode = FALSE
	EndGlobalSection
	GlobalSection(ExtensibilityGlobals) = postSolution
		SolutionGuid = {F5462E5A-F850-4783-A311-71F9324FC9F3}
	EndGlobalSection
EndGlobal
